{
  "version": 2,
  "dependencies": {
    "net10.0": {
      "Avalonia.Headless": {
        "type": "Direct",
        "requested": "[12.0.4, )",
        "resolved": "12.0.4",
        "contentHash": "KFr6cX3QADbx9KeisLdK1MAWywibnzSOxi0mBOT/oKU+niVJ2lJzmOqNnhpmzrkiczNwULbnT0Jg8RRA4uGSDg==",
        "dependencies": {
          "Avalonia": "12.0.4",
          "Avalonia.Fonts.Inter": "12.0.4",
          "Avalonia.HarfBuzz": "12.0.4"
        }
      },
      "Avalonia.Headless.XUnit": {
        "type": "Direct",
        "requested": "[12.0.4, )",
        "resolved": "12.0.4",
        "contentHash": "qfic3uXgnVAydLTOEOtq59axGh0ctMtQd0780paNjkNWitJoLb4iDpS9CEeFtVL6Xb4+3c3xgVaAUHcl9Z2VFA==",
        "dependencies": {
          "Avalonia.Headless": "12.0.4",
          "xunit.v3.extensibility.core": "3.2.2"
        }
      },
      "Avalonia.Themes.Fluent": {
        "type": "Direct",
        "requested": "[12.0.4, )",
        "resolved": "12.0.4",
        "contentHash": "SWhg/CGDkQmYspvYHSH7f6OTqhAfdbK5oBpitL1TiGVc/KtslShZeQyW9kLo6vYajJmbjZG01gNGplcmjEyV4g==",
        "dependencies": {
          "Avalonia": "12.0.4"
        }
      },
      "AwesomeAssertions": {
        "type": "Direct",
        "requested": "[9.4.0, )",
        "resolved": "9.4.0",
        "contentHash": "dJxkWiQ8D+xT6Gr2sSL83+Mar+Vpy2JTcUPxFcckpPJ8VYBfSgnk+zqpS6t7kcGnjz8NLyF14qfuoL4bKzzoew=="
      },
      "Microsoft.Reactive.Testing": {
        "type": "Direct",
        "requested": "[6.1.0, )",
        "resolved": "6.1.0",
        "contentHash": "1KLmcpM299ZSA8ZjCbXApM/TVeaJJGZZz8nEJ8SWszf/JYcPqhzeg5s2rhCBIWuSoBaga3lny4EATs4fi/ME5A==",
        "dependencies": {
          "System.Reactive": "6.1.0"
        }
      },
      "Microsoft.Testing.Extensions.CodeCoverage": {
        "type": "Direct",
        "requested": "[18.0.6, )",
        "resolved": "18.0.6",
        "contentHash": "FU+RaEwYuHtgwfIvM3u5C+IwjqTUtR/OoxXe4IrVQ7qebpU3FuSDEGrUTJ8SMV6fcUAbVktwZRDtMuEfKcd4zA==",
        "dependencies": {
          "Microsoft.DiaSymReader": "2.0.0",
          "Microsoft.Extensions.DependencyModel": "6.0.2",
          "Microsoft.Testing.Platform": "1.8.4"
        }
      },
      "ReactiveUI": {
        "type": "Direct",
        "requested": "[23.2.28, )",
        "resolved": "23.2.28",
        "contentHash": "9sSuHnMcLTLhgMTQpQO6Jhz9Cbub3Pg44i6FS4Ot4UtbV8dpwMH3JGzGjT72oav4aSrJlmzbFyI87gX55oPzLA==",
        "dependencies": {
          "DynamicData": "9.4.31",
          "Splat": "19.4.1",
          "System.Reactive": "6.1.0"
        }
      },
      "ReactiveUI.Avalonia": {
        "type": "Direct",
        "requested": "[12.0.3, )",
        "resolved": "12.0.3",
        "contentHash": "mmUZb8I+0dN7DlJ1Y8KmrB3AK7QH377GjBug1mcbVbMVMlqnokjXVUE0KThn1H0eKpnyjY9CHzrjIf0rCgRgFg==",
        "dependencies": {
          "Avalonia": "12.0.4",
          "ReactiveUI": "23.2.28",
          "Splat": "19.4.1"
        }
      },
      "xunit.v3": {
        "type": "Direct",
        "requested": "[3.2.2, )",
        "resolved": "3.2.2",
        "contentHash": "L+4/4y0Uqcg8/d6hfnxhnwh4j9FaeULvefTwrk30rr1o4n/vdPfyUQ8k0yzH8VJx7bmFEkDdcRfbtbjEHlaYcA==",
        "dependencies": {
          "xunit.v3.mtp-v1": "[3.2.2]"
        }
      },
      "Avalonia.Angle.Windows.Natives": {
        "type": "Transitive",
        "resolved": "2.1.27548.20260419",
        "contentHash": "l17nI3XVDN3oMnpjf2pnmJg0YTwK4m6NLsn/itAjDMdObTFxN77D5F1M9sRMSfViSY3KKcse1ROczwgoWLJsnA=="
      },
      "Avalonia.BuildServices": {
        "type": "Transitive",
        "resolved": "11.3.2",
        "contentHash": "qHDToxto1e3hci5YqbG9n0Ty8mlp3zBUN5wT66wKqaDVzXyQ0do3EnRILd4Ke9jpvsktaPpgE0YjEk7hornryQ=="
      },
      "Avalonia.FreeDesktop": {
        "type": "Transitive",
        "resolved": "12.0.4",
        "contentHash": "MYZ51mQg3ir1ZJO2ePoNHoixwGomJ0x1EH0NzLTFidsikkQDIPVA50yIHXamFRUaFFutK+XKRsk+afrUv2HZAQ==",
        "dependencies": {
          "Avalonia": "12.0.4",
          "Tmds.DBus.Protocol": "0.92.0"
        }
      },
      "Avalonia.FreeDesktop.AtSpi": {
        "type": "Transitive",
        "resolved": "12.0.4",
        "contentHash": "BRr7G2n9VFSdGmv3ZRxH2327Op1svwadmKw/RfU0lC96COVS7fWLIXxQFYzz+LvgiENt9+IE1nQGcOQCJVhZZA==",
        "dependencies": {
          "Avalonia": "12.0.4"
        }
      },
      "Avalonia.HarfBuzz": {
        "type": "Transitive",
        "resolved": "12.0.4",
        "contentHash": "FT5XHaxnCA+kj+Q6dXAPC9/Gy1eBz3buT7T6KJFu+P8+2WZoSFBN5Pk4mO/VA8OTUwtZB/TOX8lExSrmxUBdqw==",
        "dependencies": {
          "Avalonia": "12.0.4",
          "HarfBuzzSharp": "8.3.1.3",
          "HarfBuzzSharp.NativeAssets.Linux": "8.3.1.3",
          "HarfBuzzSharp.NativeAssets.WebAssembly": "8.3.1.3"
        }
      },
      "Avalonia.Native": {
        "type": "Transitive",
        "resolved": "12.0.4",
        "contentHash": "N1Mxv+R9kQ9UDOybaQLNviDZ91k0RmY3m84Vj1gXsJcc+qMmGr0jvs0dBNcsvTHqkfY8gZC+u8CWdJUfLtRMAQ==",
        "dependencies": {
          "Avalonia": "12.0.4"
        }
      },
      "Avalonia.Remote.Protocol": {
        "type": "Transitive",
        "resolved": "12.0.4",
        "contentHash": "Cvnzp2KTO7BScBPnn4Q91PmVwLvv19of+ZxrN3KFHYQe8in0qNaefZgOHGEiXZ841WpdO3VUFw7qvxv/1RTTGg=="
      },
      "Avalonia.Skia": {
        "type": "Transitive",
        "resolved": "12.0.4",
        "contentHash": "YXUvuMqhbie4uNM9LTbniksavQcxhY0HLaxoH3IW7v4tYiV0U7VHQFDd0qfrlqqnmNZ6mtllk6wqm9uSr/YDZw==",
        "dependencies": {
          "Avalonia": "12.0.4",
          "HarfBuzzSharp": "8.3.1.3",
          "HarfBuzzSharp.NativeAssets.Linux": "8.3.1.3",
          "HarfBuzzSharp.NativeAssets.WebAssembly": "8.3.1.3",
          "SkiaSharp": "3.119.4",
          "SkiaSharp.NativeAssets.Linux": "3.119.4",
          "SkiaSharp.NativeAssets.WebAssembly": "3.119.4"
        }
      },
      "Avalonia.Win32": {
        "type": "Transitive",
        "resolved": "12.0.4",
        "contentHash": "B4knOvBcS0sqHLW7uqGZCN42uqV08zdWcguIfWGGb1vOmdYnNDbTbVzMUEKKBCUuNIKE0Vs4y7zk8lvwyybyiA==",
        "dependencies": {
          "Avalonia": "12.0.4",
          "Avalonia.Angle.Windows.Natives": "2.1.27548.20260419"
        }
      },
      "Avalonia.X11": {
        "type": "Transitive",
        "resolved": "12.0.4",
        "contentHash": "zFSVXbhhUMkXL+Ity0slAzys1AOsGVX89n23uVBoQ0I26MU/xsRajDkDhNB5R/HdQGI57dEYSyRYsq+B2pxPFw==",
        "dependencies": {
          "Avalonia": "12.0.4",
          "Avalonia.FreeDesktop": "12.0.4",
          "Avalonia.FreeDesktop.AtSpi": "12.0.4",
          "Avalonia.Skia": "12.0.4"
        }
      },
      "Dock.Controls.DeferredContentControl": {
        "type": "Transitive",
        "resolved": "12.0.0.2",
        "contentHash": "CV7jl3rIQ5kO2wZ7fe3VPH+kW6m1vU4nqegp4gnxSdZMjTW4OPOwWh/p5tNKAi/7blTqxmpPOH2xWSgtxrLCJg==",
        "dependencies": {
          "Avalonia": "12.0.0"
        }
      },
      "Dock.Controls.ProportionalStackPanel": {
        "type": "Transitive",
        "resolved": "12.0.0.2",
        "contentHash": "5vcR2J92LKdjK3DlRFicWZnoz96JK+34GHJi7Y6ZokoSE+tojHyzW0cNEC5v8Q/iYwRH78Aj0+8nKrPuarqL7A==",
        "dependencies": {
          "Avalonia": "12.0.0"
        }
      },
      "Dock.Controls.Recycling": {
        "type": "Transitive",
        "resolved": "12.0.0.2",
        "contentHash": "nEo0p/CtWjzM0Ayt1wtw4w11oheyd/2epJXw+WzwW8xMJvk2r7LFEexbgFXhYodvylQUtxQHCh41mLXURC9aCQ==",
        "dependencies": {
          "Avalonia": "12.0.0",
          "Dock.Controls.Recycling.Model": "12.0.0.2"
        }
      },
      "Dock.Controls.Recycling.Model": {
        "type": "Transitive",
        "resolved": "12.0.0.2",
        "contentHash": "klVsAStNW7SyvIvV6060o3Rx0Rgzo2Dus3MPJD7Td87FJyK0X7djki8m/EOtD6qi3RyZaRZTLOEjskNk12Q/3Q=="
      },
      "Dock.MarkupExtension": {
        "type": "Transitive",
        "resolved": "12.0.0.2",
        "contentHash": "EAxNAllVDuyP3Oj2i8s3+nsFYWvhMbTqBlkd5dGSNMd75bgM/uLmGSOOpXTZuUWFiWn1vDRWragvPcUmj6EJwQ==",
        "dependencies": {
          "Avalonia": "12.0.0"
        }
      },
      "Dock.Model": {
        "type": "Transitive",
        "resolved": "12.0.0.2",
        "contentHash": "yLD28SMkaGMVdv/kVkO1t+GkBbFWRPKlNoXh+KZ/lPjwCJKg8vm0xmdqdgszMZGbpcWPT7T2LZk/JuwECndftA==",
        "dependencies": {
          "Dock.Controls.Recycling.Model": "12.0.0.2"
        }
      },
      "Dock.Settings": {
        "type": "Transitive",
        "resolved": "12.0.0.2",
        "contentHash": "t/e37uzDSzwQ3hvbluhZJ9dOIe2ZVpROdiJYTw0A6E8zeVoN1wlDjHJGm1wIAgUpJLkjqF+MEbd/rmUm5vAmmg==",
        "dependencies": {
          "Avalonia": "12.0.0",
          "Dock.Model": "12.0.0.2"
        }
      },
      "DynamicData": {
        "type": "Transitive",
        "resolved": "9.4.31",
        "contentHash": "w2bT92Z5ADtnmtKiC9mzk21h7MtXtZEQKWFyytuHqhPBo7rKPWnvFk/xy1M/VA6XQTbCjRWMNV795w+RizFn4g==",
        "dependencies": {
          "System.Reactive": "6.1.0"
        }
      },
      "HarfBuzzSharp": {
        "type": "Transitive",
        "resolved": "8.3.1.3",
        "contentHash": "NGZ2+ZVNPM+NdHB/asW0/ykWngyHWwcqjrbN2nDeH1B/aptPGlCUl8wkQ2cSJxw5fdWgdmIPmNuTPWpLwNVXWg==",
        "dependencies": {
          "HarfBuzzSharp.NativeAssets.Win32": "8.3.1.3",
          "HarfBuzzSharp.NativeAssets.macOS": "8.3.1.3"
        }
      },
      "HarfBuzzSharp.NativeAssets.Linux": {
        "type": "Transitive",
        "resolved": "8.3.1.3",
        "contentHash": "RI6A1LgmooU30+4QIyFt5rmBCzP0VzTR+587IJSGvYIsHHWlahFufihYxtraLfsIhW7I8dn6+xX+DZGygOPKWQ=="
      },
      "HarfBuzzSharp.NativeAssets.macOS": {
        "type": "Transitive",
        "resolved": "8.3.1.3",
        "contentHash": "KPTq0xnslkI6nAo0jh3ptcQPJvZZr7MWYXa2jUe4SnHc9q+JlHElmNXp0sfFoiTgoCX7WOYpYsurypuH9Gehxw=="
      },
      "HarfBuzzSharp.NativeAssets.WebAssembly": {
        "type": "Transitive",
        "resolved": "8.3.1.3",
        "contentHash": "w2QfdNm9Uz/sUa0B5D+OnVQhyq3G/fBq6ibQMdWBlQqqwh0g0/5j3RFvYqZAmRZ5+RzvjVe8o8SFFnWYUSkuxA=="
      },
      "HarfBuzzSharp.NativeAssets.Win32": {
        "type": "Transitive",
        "resolved": "8.3.1.3",
        "contentHash": "bx8CE8Js+XGX8PUxAHCBDEORt5aaBYtMN4Hr9QFs57Xithh6yjUyYqksizH6eRDhJkwsGI+SXWmPmMm8lZC9Pw=="
      },
      "MicroCom.Runtime": {
        "type": "Transitive",
        "resolved": "0.11.4",
        "contentHash": "yZ8+Lgwo+KtRI29TB2mIOEMzV+csMJ+pKZg4YHReAP3vRewWLKKeYfrBDo5FS69rWnEbCfU3sbM+ZEQr+GDLtg=="
      },
      "Microsoft.ApplicationInsights": {
        "type": "Transitive",
        "resolved": "2.23.0",
        "contentHash": "nWArUZTdU7iqZLycLKWe0TDms48KKGE6pONH2terYNa8REXiqixrMOkf1sk5DHGMaUTqONU2YkS4SAXBhLStgw=="
      },
      "Microsoft.Bcl.AsyncInterfaces": {
        "type": "Transitive",
        "resolved": "6.0.0",
        "contentHash": "UcSjPsst+DfAdJGVDsu346FX0ci0ah+lw3WRtn18NUwEqRt70HaOQ7lI72vy3+1LxtqI3T5GWwV39rQSrCzAeg=="
      },
      "Microsoft.CodeAnalysis.Analyzers": {
        "type": "Transitive",
        "resolved": "5.3.0-2.25625.1",
        "contentHash": "4Yhh2fnu3G+J0J1lDc8WZVgMjgbynSeTfkl5IFJMFrmiIO0sc7Tjx+f3sFVV8Sd35PrIUWfof0RWc3lAMl7Azg=="
      },
      "Microsoft.CodeAnalysis.Common": {
        "type": "Transitive",
        "resolved": "5.3.0",
        "contentHash": "uC0qk3jzTQY7i90ehfnCqaOZpBUGJyPMiHJ3c0jOb8yaPBjWzIhVdNxPbeVzI74DB0C+YgBKPLqUkgFZzua5Mg==",
        "dependencies": {
          "Microsoft.CodeAnalysis.Analyzers": "5.3.0-2.25625.1"
        }
      },
      "Microsoft.CodeAnalysis.CSharp": {
        "type": "Transitive",
        "resolved": "5.3.0",
        "contentHash": "SQFNGQF4f7UfDXKxMzzGNMr3fjrPDIjLfmRvvVgDCw+dyvEHDaRfHuKA5q0Pr0/JW0Gcw89TxrxrS/MjwBvluQ==",
        "dependencies": {
          "Microsoft.CodeAnalysis.Analyzers": "5.3.0-2.25625.1",
          "Microsoft.CodeAnalysis.Common": "[5.3.0]"
        }
      },
      "Microsoft.CodeAnalysis.Scripting.Common": {
        "type": "Transitive",
        "resolved": "5.3.0",
        "contentHash": "Enl1poxX+fnMij0xp+b5iWovtWlXa0QBawtajIEdnv8NJNqo+fGwtoNAIDDVoIRcNUHIykUIgzYMmZEwHFD5xQ==",
        "dependencies": {
          "Microsoft.CodeAnalysis.Analyzers": "5.3.0-2.25625.1",
          "Microsoft.CodeAnalysis.Common": "[5.3.0]"
        }
      },
      "Microsoft.Data.Sqlite.Core": {
        "type": "Transitive",
        "resolved": "10.0.7",
        "contentHash": "xVrtBg3M1wJlBDkoT0dXEYB/wSc8bIHJPYtw/bu1AqpWgF79uPSs87DAhERR/Ilumre6TKZa1cjMg3VUUObVLA==",
        "dependencies": {
          "SQLitePCLRaw.core": "2.1.11"
        }
      },
      "Microsoft.DiaSymReader": {
        "type": "Transitive",
        "resolved": "2.0.0",
        "contentHash": "QcZrCETsBJqy/vQpFtJc+jSXQ0K5sucQ6NUFbTNVHD4vfZZOwjZ/3sBzczkC4DityhD3AVO/+K/+9ioLs1AgRA=="
      },
      "Microsoft.Extensions.DependencyInjection.Abstractions": {
        "type": "Transitive",
        "resolved": "8.0.0",
        "contentHash": "cjWrLkJXK0rs4zofsK4bSdg+jhDLTaxrkXu4gS6Y7MAlCvRyNNgwY/lJi5RDlQOnSZweHqoyvgvbdvQsRIW+hg=="
      },
      "Microsoft.Extensions.DependencyModel": {
        "type": "Transitive",
        "resolved": "6.0.2",
        "contentHash": "HS5YsudCGSVoCVdsYJ5FAO9vx0z04qSAXgVzpDJSQ1/w/X9q8hrQVGU2p+Yfui+2KcXLL+Zjc0SX3yJWtBmYiw=="
      },
      "Microsoft.Extensions.Logging.Abstractions": {
        "type": "Transitive",
        "resolved": "8.0.0",
        "contentHash": "arDBqTgFCyS0EvRV7O3MZturChstm50OJ0y9bDJvAcmEPJm0FFpFyjU/JLYyStNGGey081DvnQYlncNX5SJJGA==",
        "dependencies": {
          "Microsoft.Extensions.DependencyInjection.Abstractions": "8.0.0"
        }
      },
      "Microsoft.IO.RecyclableMemoryStream": {
        "type": "Transitive",
        "resolved": "3.0.1",
        "contentHash": "s/s20YTVY9r9TPfTrN5g8zPF1YhwxyqO6PxUkrYTGI2B+OGPe9AdajWZrLhFqXIvqIW23fnUE4+ztrUWNU1+9g=="
      },
      "Microsoft.OpenApi": {
        "type": "Transitive",
        "resolved": "1.6.29",
        "contentHash": "mLoYWWwRP3C7Iier4dDzepq0kw1Tpdlh+B6KZ1SNcgq/tWI8aC41WYvIsJpsAS4UG1IV4c0AAnZs8qCPobzBkQ=="
      },
      "Microsoft.Testing.Extensions.Telemetry": {
        "type": "Transitive",
        "resolved": "1.9.1",
        "contentHash": "No5AudZMmSb+uNXjlgL2y3/stHD2IT4uxqc5yHwkE+/nNux9jbKcaJMvcp9SwgP4DVD8L9/P3OUz8mmmcvEIdQ==",
        "dependencies": {
          "Microsoft.ApplicationInsights": "2.23.0",
          "Microsoft.Testing.Platform": "1.9.1"
        }
      },
      "Microsoft.Testing.Extensions.TrxReport.Abstractions": {
        "type": "Transitive",
        "resolved": "1.9.1",
        "contentHash": "AL46Xe1WBi85Ntd4mNPvat5ZSsZ2uejiVqoKCypr8J3wK0elA5xJ3AN4G/Q4GIwzUFnggZoH/DBjnr9J18IO/g==",
        "dependencies": {
          "Microsoft.Testing.Platform": "1.9.1"
        }
      },
      "Microsoft.Testing.Platform": {
        "type": "Transitive",
        "resolved": "1.9.1",
        "contentHash": "QafNtNSmEI0zazdebnsIkDKmFtTSpmx/5PLOjURWwozcPb3tvRxzosQSL8xwYNM1iPhhKiBksXZyRSE2COisrA=="
      },
      "Microsoft.Testing.Platform.MSBuild": {
        "type": "Transitive",
        "resolved": "1.9.1",
        "contentHash": "oTUtyR4X/s9ytuiNA29FGsNCCH0rNmY5Wdm14NCKLjTM1cT9edVSlA+rGS/mVmusPqcP0l/x9qOnMXg16v87RQ==",
        "dependencies": {
          "Microsoft.Testing.Platform": "1.9.1"
        }
      },
      "Microsoft.Win32.Registry": {
        "type": "Transitive",
        "resolved": "5.0.0",
        "contentHash": "dDoKi0PnDz31yAyETfRntsLArTlVAVzUzCIvvEDsDsucrl33Dl8pIJG06ePTJTI3tGpeyHS9Cq7Foc/s4EeKcg=="
      },
      "Onigwrap": {
        "type": "Transitive",
        "resolved": "1.0.10",
        "contentHash": "eujNEpEhCl4UiqHTG0CeG/sWS8v/iYXGqUpaVkgBmYRZp3Utmz/aw38fuFL2rcnhj1FNfHwHaxGDeLY34a3nEA=="
      },
      "SharpYaml": {
        "type": "Transitive",
        "resolved": "2.1.1",
        "contentHash": "BISoFuW2AwZYXxrZGaBnedo21BvrdgC4kkWd6QYrOdhOGSsZB0RSqcBw09l9caUE1g3sykJoRfSbtSzZS6tYig=="
      },
      "SkiaSharp": {
        "type": "Transitive",
        "resolved": "3.119.4",
        "contentHash": "53NOSUZ1Us+91Sm0uCkIivh/k7jOowRErZT2sIWwPFN9mLUvdxnE6rS4sWo4255+Rd2MWUSF+j0NMZHD6Cke+Q==",
        "dependencies": {
          "SkiaSharp.NativeAssets.Win32": "3.119.4",
          "SkiaSharp.NativeAssets.macOS": "3.119.4"
        }
      },
      "SkiaSharp.NativeAssets.Linux": {
        "type": "Transitive",
        "resolved": "3.119.4",
        "contentHash": "UAyVzbqNfZsZbKbzj68zXLyUyF/SbTKmzTfOO6qDu++dtIUMMTzPBe8oOuzU/DiewpfKoUUlOSsJmqWc6blxBw=="
      },
      "SkiaSharp.NativeAssets.macOS": {
        "type": "Transitive",
        "resolved": "3.119.4",
        "contentHash": "fgBOWEqbY012x7gMfJU4ezgz6dfhJb30Z6YdW35h85Zoe39+a8YNbAAwL29ihPfWoppg5AjvyKNzD1oCvlqWwA=="
      },
      "SkiaSharp.NativeAssets.WebAssembly": {
        "type": "Transitive",
        "resolved": "3.119.4",
        "contentHash": "S1HOxtBbD4bYDtA2e9WH5TX+lxqRrTPvKjrjttRhxnHNNu7YY8VFo/LeCP7tNqoTA6PV+8vsvNbmRUEC2ip8RQ=="
      },
      "SkiaSharp.NativeAssets.Win32": {
        "type": "Transitive",
        "resolved": "3.119.4",
        "contentHash": "XOpbx/4CReO2wYsq2s6rbvdauc6dntG4Zv499sHGTJ87bwZaFXszFkwql3+FIZMc8kUPeaj3Mx2ezIJmo8a1Kg=="
      },
      "Splat": {
        "type": "Transitive",
        "resolved": "19.4.1",
        "contentHash": "3VJOloRQA3bgbAxyNAi4mvLAR/mKH3h1agN5pIrUXvp9lAA2/rvUgxOYjt+GZ4suouLfXxkeKcS/bRjSclo1LQ==",
        "dependencies": {
          "Splat.Builder": "19.4.1",
          "Splat.Logging": "19.4.1"
        }
      },
      "Splat.Builder": {
        "type": "Transitive",
        "resolved": "19.4.1",
        "contentHash": "9i0RLWEwfheI8aI17WaW8AJmNlFVi7LaX3XQwAavGqUaJJi7Vp5Eh9umWqVQYBLjs87ztVLmax/OMzMyW2igKQ==",
        "dependencies": {
          "Splat.Core": "19.4.1"
        }
      },
      "Splat.Core": {
        "type": "Transitive",
        "resolved": "19.4.1",
        "contentHash": "fOjcUDP9YzJPZnSDI2eBO+NwRoEJVFEkTGlh/tFa7GUXc5mtMcQdwak60Ju4DWvPSAfsxlu2geObmhZAQe1VLg=="
      },
      "Splat.Logging": {
        "type": "Transitive",
        "resolved": "19.4.1",
        "contentHash": "bvudJQxxMnHIa9dtZaUUCpvmd96rQxA0yjrZLoB4OSiAJpIxMCDCwnDmG6RhDyW2pS3O0xef2e1STY/oL1PqRw==",
        "dependencies": {
          "Splat.Core": "19.4.1"
        }
      },
      "SQLitePCLRaw.bundle_e_sqlite3": {
        "type": "Transitive",
        "resolved": "2.1.11",
        "contentHash": "DC4nA7yWnf4UZdgJDF+9Mus4/cb0Y3Sfgi3gDnAoKNAIBwzkskNAbNbyu+u4atT0ruVlZNJfwZmwiEwE5oz9LQ==",
        "dependencies": {
          "SQLitePCLRaw.lib.e_sqlite3": "2.1.11",
          "SQLitePCLRaw.provider.e_sqlite3": "2.1.11"
        }
      },
      "SQLitePCLRaw.core": {
        "type": "Transitive",
        "resolved": "2.1.11",
        "contentHash": "PK0GLFkfhZzLQeR3PJf71FmhtHox+U3vcY6ZtswoMjrefkB9k6ErNJEnwXqc5KgXDSjige2XXrezqS39gkpQKA=="
      },
      "SQLitePCLRaw.lib.e_sqlite3": {
        "type": "Transitive",
        "resolved": "2.1.11",
        "contentHash": "Ev2ytaXiOlWZ4b3R67GZBsemTINslLD1DCJr2xiacpn4tbapu0Q4dHEzSvZSMnVWeE5nlObU3VZN2p81q3XOYQ=="
      },
      "SQLitePCLRaw.provider.e_sqlite3": {
        "type": "Transitive",
        "resolved": "2.1.11",
        "contentHash": "Y/0ZkR+r0Cg3DQFuCl1RBnv/tmxpIZRU3HUvelPw6MVaKHwYYR8YNvgs0vuNuXCMvlyJ+Fh88U1D4tah1tt6qw==",
        "dependencies": {
          "SQLitePCLRaw.core": "2.1.11"
        }
      },
      "TextMateSharp": {
        "type": "Transitive",
        "resolved": "2.0.3",
        "contentHash": "w0wGeqlBi9SYrzxpS1DBcEfiVCs5NY18Yl5YBIsHzXTXQd0OLOh3mP4LRuFvcktR/1MG8nSBHSMJj0rFvrPk+A==",
        "dependencies": {
          "Onigwrap": "1.0.10"
        }
      },
      "Tmds.DBus.Protocol": {
        "type": "Transitive",
        "resolved": "0.92.0",
        "contentHash": "h7IMakm0PF2jxiagoysoAjrzzLQ0UBdnSXQL5kb17YW0Fvyo12Tg96A99QkzwktWRrd7H+Uw9EzjasNLUfGYlA=="
      },
      "xunit.analyzers": {
        "type": "Transitive",
        "resolved": "1.27.0",
        "contentHash": "y/pxIQaLvk/kxAoDkZW9GnHLCEqzwl5TW0vtX3pweyQpjizB9y3DXhb9pkw2dGeUqhLjsxvvJM1k89JowU6z3g=="
      },
      "xunit.v3.assert": {
        "type": "Transitive",
        "resolved": "3.2.2",
        "contentHash": "BPciBghgEEaJN/JG00QfCYDfEfnLgQhfnYEy+j1izoeHVNYd5+3Wm8GJ6JgYysOhpBPYGE+sbf75JtrRc7jrdA=="
      },
      "xunit.v3.common": {
        "type": "Transitive",
        "resolved": "3.2.2",
        "contentHash": "Hj775PEH6GTbbg0wfKRvG2hNspDCvTH9irXhH4qIWgdrOSV1sQlqPie+DOvFeigsFg2fxSM3ZAaaCDQs+KreFA==",
        "dependencies": {
          "Microsoft.Bcl.AsyncInterfaces": "6.0.0"
        }
      },
      "xunit.v3.core.mtp-v1": {
        "type": "Transitive",
        "resolved": "3.2.2",
        "contentHash": "Ga5aA2Ca9ktz+5k3g5ukzwfexwoqwDUpV6z7atSEUvqtd6JuybU1XopHqg1oFd78QdTfZgZE9h5sHpO4qYIi5w==",
        "dependencies": {
          "Microsoft.Testing.Extensions.Telemetry": "1.9.1",
          "Microsoft.Testing.Extensions.TrxReport.Abstractions": "1.9.1",
          "Microsoft.Testing.Platform": "1.9.1",
          "Microsoft.Testing.Platform.MSBuild": "1.9.1",
          "xunit.v3.extensibility.core": "[3.2.2]",
          "xunit.v3.runner.inproc.console": "[3.2.2]"
        }
      },
      "xunit.v3.extensibility.core": {
        "type": "Transitive",
        "resolved": "3.2.2",
        "contentHash": "srY8z/oMPvh/t8axtO2DwrHajhFMH7tnqKildvYrVQIfICi8fOn3yIBWkVPAcrKmHMwvXRJ/XsQM3VMR6DOYfQ==",
        "dependencies": {
          "xunit.v3.common": "[3.2.2]"
        }
      },
      "xunit.v3.mtp-v1": {
        "type": "Transitive",
        "resolved": "3.2.2",
        "contentHash": "O41aAzYKBT5PWqATa1oEWVNCyEUypFQ4va6K0kz37dduV3EKzXNMaV2UnEhufzU4Cce1I33gg0oldS8tGL5I0A==",
        "dependencies": {
          "xunit.analyzers": "1.27.0",
          "xunit.v3.assert": "[3.2.2]",
          "xunit.v3.core.mtp-v1": "[3.2.2]"
        }
      },
      "xunit.v3.runner.common": {
        "type": "Transitive",
        "resolved": "3.2.2",
        "contentHash": "/hkHkQCzGrugelOAehprm7RIWdsUFVmIVaD6jDH/8DNGCymTlKKPTbGokD5czbAfqfex47mBP0sb0zbHYwrO/g==",
        "dependencies": {
          "Microsoft.Win32.Registry": "[5.0.0]",
          "xunit.v3.common": "[3.2.2]"
        }
      },
      "xunit.v3.runner.inproc.console": {
        "type": "Transitive",
        "resolved": "3.2.2",
        "contentHash": "ulWOdSvCk+bPXijJZ73bth9NyoOHsAs1ZOvamYbCkD4DNLX/Bd29Ve2ZNUwBbK0MqfIYWXHZViy/HKrdEC/izw==",
        "dependencies": {
          "xunit.v3.extensibility.core": "[3.2.2]",
          "xunit.v3.runner.common": "[3.2.2]"
        }
      },
      "arbor.httpclient.core": {
        "type": "Project",
        "dependencies": {
          "Microsoft.OpenApi.Readers": "[1.6.29, )"
        }
      },
      "arbor.httpclient.desktop": {
        "type": "Project",
        "dependencies": {
          "Arbor.HttpClient.Core": "[1.0.0, )",
          "Arbor.HttpClient.Storage.Sqlite": "[1.0.0, )",
          "Avalonia": "[12.0.4, )",
          "Avalonia.AvaloniaEdit": "[12.0.0, )",
          "Avalonia.Controls.WebView": "[12.0.0, )",
          "Avalonia.Desktop": "[12.0.4, )",
          "Avalonia.Fonts.Inter": "[12.0.4, )",
          "Avalonia.Themes.Fluent": "[12.0.4, )",
          "AvaloniaEdit.TextMate": "[12.0.0, )",
          "AvaloniaUI.DiagnosticsSupport": "[2.2.1, )",
          "Dock.Avalonia": "[12.0.0.2, )",
          "Dock.Avalonia.Themes.Fluent": "[12.0.0.2, )",
          "Dock.Model.ReactiveUI": "[12.0.0.2, )",
          "Microsoft.CodeAnalysis.CSharp.Scripting": "[5.3.0, )",
          "ReactiveUI": "[23.2.28, )",
          "ReactiveUI.Avalonia": "[12.0.3, )",
          "Serilog": "[4.3.1, )",
          "System.Reactive": "[6.1.0, )",
          "TextMateSharp.Grammars": "[2.0.3, )"
        }
      },
      "arbor.httpclient.storage.sqlite": {
        "type": "Project",
        "dependencies": {
          "Arbor.HttpClient.Core": "[1.0.0, )",
          "Microsoft.Data.Sqlite": "[10.0.7, )"
        }
      },
      "arbor.httpclient.testing": {
        "type": "Project",
        "dependencies": {
          "Arbor.HttpClient.Core": "[1.0.0, )"
        }
      },
      "Avalonia": {
        "type": "CentralTransitive",
        "requested": "[12.0.4, )",
        "resolved": "12.0.4",
        "contentHash": "0ehIUuOVaR3OmsL8YK8v9yCCnOpzRtQSDgP5Nh2fMc+Lji8WoVGD+J6nvwkGjCH5hbm1urgvkVYWAYWkby0EeQ==",
        "dependencies": {
          "Avalonia.BuildServices": "11.3.2",
          "Avalonia.Remote.Protocol": "12.0.4",
          "MicroCom.Runtime": "0.11.4"
        }
      },
      "Avalonia.AvaloniaEdit": {
        "type": "CentralTransitive",
        "requested": "[12.0.0, )",
        "resolved": "12.0.0",
        "contentHash": "VNfaYdTbiQ2DlSkSMoLg4DhTbQmQR0cFT6nqEqLkaYGLjBWmUdv5BNIuoObK4c9cgzFqnEJXBaOp4R/bxgFKfQ==",
        "dependencies": {
          "Avalonia": "12.0.0"
        }
      },
      "Avalonia.Controls.WebView": {
        "type": "CentralTransitive",
        "requested": "[12.0.0, )",
        "resolved": "12.0.0",
        "contentHash": "8GHNanQyuhwZhab5qKdQHYBcNKAVYRlkD47jNsswL7E3WpgTmLo9LolYyt5e4GdKkKZ2B5qIAXGs8GUJlmsuoA==",
        "dependencies": {
          "Avalonia": "12.0.0"
        }
      },
      "Avalonia.Desktop": {
        "type": "CentralTransitive",
        "requested": "[12.0.4, )",
        "resolved": "12.0.4",
        "contentHash": "7gnap/vQzMQESufH+muozlsOPAcMGE6CKEXUmv9Jx7dRK/OYO+r10ETrmRJg/zYgLPG8stZElsPUMhK8X+8rEQ==",
        "dependencies": {
          "Avalonia": "12.0.4",
          "Avalonia.HarfBuzz": "12.0.4",
          "Avalonia.Native": "12.0.4",
          "Avalonia.Skia": "12.0.4",
          "Avalonia.Win32": "12.0.4",
          "Avalonia.X11": "12.0.4"
        }
      },
      "Avalonia.Fonts.Inter": {
        "type": "CentralTransitive",
        "requested": "[12.0.4, )",
        "resolved": "12.0.4",
        "contentHash": "wXyoxswY4hD6Ly9iB9sojD4rZ104trm2Z1HWLgjHo/eZcBpwT6/T0CDOVp2PeN2wSd72bKlE0n3pFj9t/z7Ipw==",
        "dependencies": {
          "Avalonia": "12.0.4"
        }
      },
      "AvaloniaEdit.TextMate": {
        "type": "CentralTransitive",
        "requested": "[12.0.0, )",
        "resolved": "12.0.0",
        "contentHash": "FArIpBB2zcraoYqQIPNkevviNtuzKrA5tEVAAE03PboZMy2recf4TJEXk1BfCw7Oo4fBBh7srUqOdK5RNSUNrg==",
        "dependencies": {
          "Avalonia": "12.0.0",
          "Avalonia.AvaloniaEdit": "12.0.0",
          "TextMateSharp": "2.0.3",
          "TextMateSharp.Grammars": "2.0.3"
        }
      },
      "AvaloniaUI.DiagnosticsSupport": {
        "type": "CentralTransitive",
        "requested": "[2.2.1, )",
        "resolved": "2.2.1",
        "contentHash": "PXviRj+8t6IT7JdnVhs1EET+VgGB/K1Ju3yL/Q9sXR2YD9NzkIYybyfJG3DPXcTYXpEJZJvxGiCTjH1N8AkLhQ==",
        "dependencies": {
          "Microsoft.Extensions.Logging.Abstractions": "8.0.0",
          "Microsoft.IO.RecyclableMemoryStream": "3.0.1"
        }
      },
      "Dock.Avalonia": {
        "type": "CentralTransitive",
        "requested": "[12.0.0.2, )",
        "resolved": "12.0.0.2",
        "contentHash": "ET8Fr9bUi81ifs7LOWcD99jLOZChdp3yCjebja4qnFguy0KURMFPuBj0RXnd76SZRp5LFjBXaXb348KtZLPemQ==",
        "dependencies": {
          "Avalonia": "12.0.0",
          "Dock.Controls.DeferredContentControl": "12.0.0.2",
          "Dock.Controls.ProportionalStackPanel": "12.0.0.2",
          "Dock.Controls.Recycling": "12.0.0.2",
          "Dock.MarkupExtension": "12.0.0.2",
          "Dock.Model": "12.0.0.2",
          "Dock.Settings": "12.0.0.2"
        }
      },
      "Dock.Avalonia.Themes.Fluent": {
        "type": "CentralTransitive",
        "requested": "[12.0.0.2, )",
        "resolved": "12.0.0.2",
        "contentHash": "DhCyhsM7eMfWmmNUknlDwFVD4JN0+A/GwtDGtWhfPF8VraC1lYaXY7QfUPtjRrLOu2DlP8AlNaMXlHvZzi74bQ==",
        "dependencies": {
          "Avalonia": "12.0.0",
          "Dock.Avalonia": "12.0.0.2"
        }
      },
      "Dock.Model.ReactiveUI": {
        "type": "CentralTransitive",
        "requested": "[12.0.0.2, )",
        "resolved": "12.0.0.2",
        "contentHash": "iGWFh7Fylv8w6TzMJ79jzWfuDuZyiHwGoNFLHagIg3FyWVNL6B2ti17yY+4PnsySdJzKSYWutOtS5oRBOHxDug==",
        "dependencies": {
          "Dock.Model": "12.0.0.2",
          "reactiveui": "22.2.1"
        }
      },
      "Microsoft.CodeAnalysis.CSharp.Scripting": {
        "type": "CentralTransitive",
        "requested": "[5.3.0, )",
        "resolved": "5.3.0",
        "contentHash": "dKZE07CR6DMf1YxUmzV4+kXUn7lFPkT+Q84fvv75cAi4sx/tdl3gIxfBMp8ZnY9GYQK4Z+CIylVNfznaPSo2wQ==",
        "dependencies": {
          "Microsoft.CodeAnalysis.Analyzers": "5.3.0-2.25625.1",
          "Microsoft.CodeAnalysis.CSharp": "[5.3.0]",
          "Microsoft.CodeAnalysis.Common": "[5.3.0]",
          "Microsoft.CodeAnalysis.Scripting.Common": "[5.3.0]"
        }
      },
      "Microsoft.Data.Sqlite": {
        "type": "CentralTransitive",
        "requested": "[10.0.7, )",
        "resolved": "10.0.7",
        "contentHash": "DZ6G2QuyPrsh5VS+wfiZbNBtYT6p+CkxXjD0aZHF04xso7QsG/uk0JpG30hzYlK6u/wtTzta1Dqfgbc/Sl2sDA==",
        "dependencies": {
          "Microsoft.Data.Sqlite.Core": "10.0.7",
          "SQLitePCLRaw.bundle_e_sqlite3": "2.1.11",
          "SQLitePCLRaw.core": "2.1.11"
        }
      },
      "Microsoft.OpenApi.Readers": {
        "type": "CentralTransitive",
        "requested": "[1.6.29, )",
        "resolved": "1.6.29",
        "contentHash": "GYtIRq1iUO6zwnrUa63ELQHHSgMXRAxkXhtSyOKvH8tVPXql0HOjPTgJv7ZzGuzEzCIDZNujKUjrfi+36xxDSg==",
        "dependencies": {
          "Microsoft.OpenApi": "1.6.29",
          "SharpYaml": "2.1.1"
        }
      },
      "Serilog": {
        "type": "CentralTransitive",
        "requested": "[4.3.1, )",
        "resolved": "4.3.1",
        "contentHash": "savYe7h5yRlkqBVOwP8cIRDOdqKiPmYCU4W87JH38sBmcKD5EBoXvQIw6bNEvZ/pTe1gsiye3VFCzBsoppGkXQ=="
      },
      "System.Reactive": {
        "type": "CentralTransitive",
        "requested": "[6.1.0, )",
        "resolved": "6.1.0",
        "contentHash": "M5cCC1ZMkZr9jbSQGTHnVkb5TDN67qWCV7AP8TAHdGkvDlu0puT5NzemESNn9+HkYIDpWpocP68/i+/ame2/2w=="
      },
      "TextMateSharp.Grammars": {
        "type": "CentralTransitive",
        "requested": "[2.0.3, )",
        "resolved": "2.0.3",
        "contentHash": "qkI1ogusuyGCGTgeyhljDM+GEfATOexoUTqLIgSb5P0ojmfhRXWfSTRXXJRpZkLDErShJ7RWOb+p10lHfhhO+Q==",
        "dependencies": {
          "TextMateSharp": "2.0.3"
        }
      }
    }
  }
}